
Microsoft Visual Studio Solution File, Format Version 12.00
# Visual Studio Version 17
VisualStudioVersion = 17.7.34031.279
MinimumVisualStudioVersion = 10.0.40219.1
Project("{FAE04EC0-301F-11D3-BF4B-00C04F79EFBC}") = "cicdazuremyproject", "cicdazuremyproject\cicdazuremyproject.csproj", "{160E4636-51C1-4303-95A7-CE13AEB882CB}"
EndProject
Global
	GlobalSection(SolutionConfigurationPlatforms) = preSolution
		Debug|Any CPU = Debug|Any CPU
		Release|Any CPU = Release|Any CPU
	EndGlobalSection
	GlobalSection(ProjectConfigurationPlatforms) = postSolution
		{160E4636-51C1-4303-95A7-CE13AEB882CB}.Debug|Any CPU.ActiveCfg = Debug|Any CPU
		{160E4636-51C1-4303-95A7-CE13AEB882CB}.Debug|Any CPU.Build.0 = Debug|Any CPU
		{160E4636-51C1-4303-95A7-CE13AEB882CB}.Release|Any CPU.ActiveCfg = Release|Any CPU
		{160E4636-51C1-4303-95A7-CE13AEB882CB}.Release|Any CPU.Build.0 = Release|Any CPU
	EndGlobalSection
	GlobalSection(SolutionProperties) = preSolution
		HideSolutionNode = FALSE
	EndGlobalSection
	GlobalSection(ExtensibilityGlobals) = postSolution
		SolutionGuid = {A70DC62A-445F-406E-883C-AE4A4B97F25D}
	EndGlobalSection
EndGlobal
